
Microsoft Visual Studio Solution File, Format Version 12.00
Project("{FAE04EC0-301F-11D3-BF4B-00C04F79EFBC}") = "Fahrzeugverwaltung", "Fahrzeugverwaltung\Fahrzeugverwaltung.csproj", "{E8158A96-B2BD-4D7C-A0C5-DA0F8D61BF67}"
EndProject
Project("{FAE04EC0-301F-11D3-BF4B-00C04F79EFBC}") = "Model", "Model\Model.csproj", "{EFD5BF7E-E07A-4911-AF37-F8BE5C5FDB35}"
EndProject
Project("{FAE04EC0-301F-11D3-BF4B-00C04F79EFBC}") = "DataAccess", "DataAccess\DataAccess.csproj", "{2F7A4236-40C3-4080-88D9-990E80C4F845}"
EndProject
Project("{FAE04EC0-301F-11D3-BF4B-00C04F79EFBC}") = "MappingTests", "MappingTests\MappingTests.csproj", "{B59BC566-17E5-4057-83E2-94342482983C}"
EndProject
Project("{FAE04EC0-301F-11D3-BF4B-00C04F79EFBC}") = "BusinesslogicTests", "BusinesslogicTests\BusinesslogicTests.csproj", "{E999C2EE-0233-4815-9BCB-D364DD8CDB98}"
EndProject
Project("{FAE04EC0-301F-11D3-BF4B-00C04F79EFBC}") = "BusinessLogic", "BusinessLogic\BusinessLogic.csproj", "{5512B95D-F5D5-4735-947D-1EDE53DB7408}"
EndProject
Project("{2150E333-8FDC-42A3-9474-1A3956D46DE8}") = "main", "main", "{D5874CE7-0981-40AE-832D-47854D458E90}"
EndProject
Project("{2150E333-8FDC-42A3-9474-1A3956D46DE8}") = "test", "test", "{710DF6F6-9425-4EEE-B891-B6F44C6590B7}"
EndProject
Project("{2150E333-8FDC-42A3-9474-1A3956D46DE8}") = "shared", "shared", "{ED42BCCE-240D-4F79-99E2-45AB135E9968}"
EndProject
Project("{FAE04EC0-301F-11D3-BF4B-00C04F79EFBC}") = "Contracts", "shared\Contracts\Contracts.csproj", "{5A321263-20CB-41B5-8DF9-E736043D58BE}"
EndProject
Global
	GlobalSection(SolutionConfigurationPlatforms) = preSolution
		Debug|Any CPU = Debug|Any CPU
		Release|Any CPU = Release|Any CPU
	EndGlobalSection
	GlobalSection(ProjectConfigurationPlatforms) = postSolution
		{E8158A96-B2BD-4D7C-A0C5-DA0F8D61BF67}.Debug|Any CPU.ActiveCfg = Debug|Any CPU
		{E8158A96-B2BD-4D7C-A0C5-DA0F8D61BF67}.Debug|Any CPU.Build.0 = Debug|Any CPU
		{E8158A96-B2BD-4D7C-A0C5-DA0F8D61BF67}.Release|Any CPU.ActiveCfg = Release|Any CPU
		{E8158A96-B2BD-4D7C-A0C5-DA0F8D61BF67}.Release|Any CPU.Build.0 = Release|Any CPU
		{EFD5BF7E-E07A-4911-AF37-F8BE5C5FDB35}.Debug|Any CPU.ActiveCfg = Debug|Any CPU
		{EFD5BF7E-E07A-4911-AF37-F8BE5C5FDB35}.Debug|Any CPU.Build.0 = Debug|Any CPU
		{EFD5BF7E-E07A-4911-AF37-F8BE5C5FDB35}.Release|Any CPU.ActiveCfg = Release|Any CPU
		{EFD5BF7E-E07A-4911-AF37-F8BE5C5FDB35}.Release|Any CPU.Build.0 = Release|Any CPU
		{2F7A4236-40C3-4080-88D9-990E80C4F845}.Debug|Any CPU.ActiveCfg = Debug|Any CPU
		{2F7A4236-40C3-4080-88D9-990E80C4F845}.Debug|Any CPU.Build.0 = Debug|Any CPU
		{2F7A4236-40C3-4080-88D9-990E80C4F845}.Release|Any CPU.ActiveCfg = Release|Any CPU
		{2F7A4236-40C3-4080-88D9-990E80C4F845}.Release|Any CPU.Build.0 = Release|Any CPU
		{B59BC566-17E5-4057-83E2-94342482983C}.Debug|Any CPU.ActiveCfg = Debug|Any CPU
		{B59BC566-17E5-4057-83E2-94342482983C}.Debug|Any CPU.Build.0 = Debug|Any CPU
		{B59BC566-17E5-4057-83E2-94342482983C}.Release|Any CPU.ActiveCfg = Release|Any CPU
		{B59BC566-17E5-4057-83E2-94342482983C}.Release|Any CPU.Build.0 = Release|Any CPU
		{E999C2EE-0233-4815-9BCB-D364DD8CDB98}.Debug|Any CPU.ActiveCfg = Debug|Any CPU
		{E999C2EE-0233-4815-9BCB-D364DD8CDB98}.Debug|Any CPU.Build.0 = Debug|Any CPU
		{E999C2EE-0233-4815-9BCB-D364DD8CDB98}.Release|Any CPU.ActiveCfg = Release|Any CPU
		{E999C2EE-0233-4815-9BCB-D364DD8CDB98}.Release|Any CPU.Build.0 = Release|Any CPU
		{5512B95D-F5D5-4735-947D-1EDE53DB7408}.Debug|Any CPU.ActiveCfg = Debug|Any CPU
		{5512B95D-F5D5-4735-947D-1EDE53DB7408}.Debug|Any CPU.Build.0 = Debug|Any CPU
		{5512B95D-F5D5-4735-947D-1EDE53DB7408}.Release|Any CPU.ActiveCfg = Release|Any CPU
		{5512B95D-F5D5-4735-947D-1EDE53DB7408}.Release|Any CPU.Build.0 = Release|Any CPU
		{5A321263-20CB-41B5-8DF9-E736043D58BE}.Debug|Any CPU.ActiveCfg = Debug|Any CPU
		{5A321263-20CB-41B5-8DF9-E736043D58BE}.Debug|Any CPU.Build.0 = Debug|Any CPU
		{5A321263-20CB-41B5-8DF9-E736043D58BE}.Release|Any CPU.ActiveCfg = Release|Any CPU
		{5A321263-20CB-41B5-8DF9-E736043D58BE}.Release|Any CPU.Build.0 = Release|Any CPU
	EndGlobalSection
	GlobalSection(NestedProjects) = preSolution
		{5512B95D-F5D5-4735-947D-1EDE53DB7408} = {D5874CE7-0981-40AE-832D-47854D458E90}
		{2F7A4236-40C3-4080-88D9-990E80C4F845} = {D5874CE7-0981-40AE-832D-47854D458E90}
		{E8158A96-B2BD-4D7C-A0C5-DA0F8D61BF67} = {D5874CE7-0981-40AE-832D-47854D458E90}
		{EFD5BF7E-E07A-4911-AF37-F8BE5C5FDB35} = {D5874CE7-0981-40AE-832D-47854D458E90}
		{710DF6F6-9425-4EEE-B891-B6F44C6590B7} = {D5874CE7-0981-40AE-832D-47854D458E90}
		{E999C2EE-0233-4815-9BCB-D364DD8CDB98} = {710DF6F6-9425-4EEE-B891-B6F44C6590B7}
		{B59BC566-17E5-4057-83E2-94342482983C} = {710DF6F6-9425-4EEE-B891-B6F44C6590B7}
		{5A321263-20CB-41B5-8DF9-E736043D58BE} = {ED42BCCE-240D-4F79-99E2-45AB135E9968}
	EndGlobalSection
EndGlobal
